# This file is automatically @generated by Poetry 2.1.1 and should not be changed by hand.

[[package]]
name = "blessings"
version = "1.7"
description = "A thin, practical wrapper around terminal coloring, styling, and positioning"
optional = false
python-versions = ">=2.7, !=3.0.*, !=3.1.*, !=3.2.*, !=3.3.*"
groups = ["main"]
files = [
    {file = "blessings-1.7-py2-none-any.whl", hash = "sha256:caad5211e7ba5afe04367cdd4cfc68fa886e2e08f6f35e76b7387d2109ccea6e"},
    {file = "blessings-1.7-py3-none-any.whl", hash = "sha256:b1fdd7e7a675295630f9ae71527a8ebc10bfefa236b3d6aa4932ee4462c17ba3"},
    {file = "blessings-1.7.tar.gz", hash = "sha256:98e5854d805f50a5b58ac2333411b0482516a8210f23f43308baeb58d77c157d"},
]

[package.dependencies]
six = "*"

[[package]]
name = "colorama"
version = "0.4.6"
description = "Cross-platform colored terminal text."
optional = false
python-versions = "!=3.0.*,!=3.1.*,!=3.2.*,!=3.3.*,!=3.4.*,!=3.5.*,!=3.6.*,>=2.7"
groups = ["main"]
files = [
    {file = "colorama-0.4.6-py2.py3-none-any.whl", hash = "sha256:4f1d9991f5acc0ca119f9d443620b77f9d6b33703e51011c16baf57afb285fc6"},
    {file = "colorama-0.4.6.tar.gz", hash = "sha256:08695f5cb7ed6e0531a20572697297273c47b8cae5a63ffc6d6ed5c201be6e44"},
]

[[package]]
name = "pyfiglet"
version = "1.0.2"
description = "Pure-python FIGlet implementation"
optional = false
python-versions = ">=3.9"
groups = ["main"]
files = [
    {file = "pyfiglet-1.0.2-py3-none-any.whl", hash = "sha256:889b351d79c99e50a3f619c8f8e6ffdb27fd8c939fc43ecbd7559bd57d5f93ea"},
    {file = "pyfiglet-1.0.2.tar.gz", hash = "sha256:758788018ab8faaddc0984e1ea05ff330d3c64be663c513cc1f105f6a3066dab"},
]

[[package]]
name = "six"
version = "1.17.0"
description = "Python 2 and 3 compatibility utilities"
optional = false
python-versions = "!=3.0.*,!=3.1.*,!=3.2.*,>=2.7"
groups = ["main"]
files = [
    {file = "six-1.17.0-py2.py3-none-any.whl", hash = "sha256:4721f391ed90541fddacab5acf947aa0d3dc7d27b2e1e8eda2be8970586c3274"},
    {file = "six-1.17.0.tar.gz", hash = "sha256:ff70335d468e7eb6ec65b95b99d3a2836546063f63acc5171de367e834932a81"},
]

[metadata]
lock-version = "2.1"
python-versions = ">=3.11"
content-hash = "665adb03904ada8569df489ab39ff5213267fc57a882cb343340365e1f225d78"
